{
  "name": "eco-base",
  "version": "1.0.0",
  "lockfileVersion": 3,
  "requires": true,
  "packages": {
    "": {
      "name": "eco-base",
      "version": "1.0.0",
      "workspaces": [
        "packages/*",
        "backend/api",
        "backend/ai",
        "platforms/web",
        "platforms/desktop",
        "platforms/im-integration",
        "tools/*"
      ]
    }
  }
}
